PODS:
  - Capacitor (5.7.0):
    - CapacitorCordova
  - CapacitorCordova (5.7.0)
  - CapacitorFilesystem (5.2.1):
    - Capacitor
  - CapacitorShare (5.0.7):
    - Capacitor

DEPENDENCIES:
  - "Capacitor (from `../../node_modules/@capacitor/ios`)"
  - "CapacitorCordova (from `../../node_modules/@capacitor/ios`)"
  - "CapacitorFilesystem (from `../../node_modules/@capacitor/filesystem`)"
  - "CapacitorShare (from `../../node_modules/@capacitor/share`)"

EXTERNAL SOURCES:
  Capacitor:
    :path: "../../node_modules/@capacitor/ios"
  CapacitorCordova:
    :path: "../../node_modules/@capacitor/ios"
  CapacitorFilesystem:
    :path: "../../node_modules/@capacitor/filesystem"
  CapacitorShare:
    :path: "../../node_modules/@capacitor/share"

SPEC CHECKSUMS:
  Capacitor: fc155ee2ee45a2093d716f13cf5aa5a865e2d85a
  CapacitorCordova: e825fce1a2e14e4b5730641c7e098dccf74397b7
  CapacitorFilesystem: 9f3e3c7fea2fff12f46dd5b07a2914f2103e4cfc
  CapacitorShare: c6a1ebbf0114ff9e863b966cd6052678fa25d480

PODFILE CHECKSUM: 43e8dfc31adcdfa9a289fead45baeb0f9f53fbbb

COCOAPODS: 1.14.3
